
Microsoft Visual Studio Solution File, Format Version 12.00
# Visual Studio 15
VisualStudioVersion = 15.0.27703.2035
MinimumVisualStudioVersion = 10.0.40219.1
Project("{FAE04EC0-301F-11D3-BF4B-00C04F79EFBC}") = "UsefulStuff", "UsefulStuff\UsefulStuff.csproj", "{44FD0E3F-5328-4955-821E-18025DEBF9AD}"
EndProject
Global
	GlobalSection(SolutionConfigurationPlatforms) = preSolution
		Debug|Any CPU = Debug|Any CPU
		Release|Any CPU = Release|Any CPU
	EndGlobalSection
	GlobalSection(ProjectConfigurationPlatforms) = postSolution
		{44FD0E3F-5328-4955-821E-18025DEBF9AD}.Debug|Any CPU.ActiveCfg = Debug|Any CPU
		{44FD0E3F-5328-4955-821E-18025DEBF9AD}.Debug|Any CPU.Build.0 = Debug|Any CPU
		{44FD0E3F-5328-4955-821E-18025DEBF9AD}.Release|Any CPU.ActiveCfg = Release|Any CPU
		{44FD0E3F-5328-4955-821E-18025DEBF9AD}.Release|Any CPU.Build.0 = Release|Any CPU
	EndGlobalSection
	GlobalSection(SolutionProperties) = preSolution
		HideSolutionNode = FALSE
	EndGlobalSection
	GlobalSection(ExtensibilityGlobals) = postSolution
		SolutionGuid = {56450896-C550-4D65-9A07-A4E75054AA3B}
	EndGlobalSection
EndGlobal
